Microsoft Visual Studio Solution File, Format Version 12.00
# Visual Studio Version 17
VisualStudioVersion = 17.5.2.0
MinimumVisualStudioVersion = 10.0.40219.1
Project("{FAE04EC0-301F-11D3-BF4B-00C04F79EFBC}") = "Backend.Blog", "Backend.Blog\Backend.Blog.csproj", "{C1738407-91CA-EE49-0852-8D0445A37B6B}"
EndProject
Project("{FAE04EC0-301F-11D3-BF4B-00C04F79EFBC}") = "Backend.Blog.Model", "Backend.Blog.Model\Backend.Blog.Model.csproj", "{4C05F633-D9F4-FE38-B66E-A93D797CC3B0}"
EndProject
Project("{FAE04EC0-301F-11D3-BF4B-00C04F79EFBC}") = "Backend.Blog.EFCore", "Backend.Blog.EFCore\Backend.Blog.EFCore.csproj", "{A31320C1-045D-42DF-8D32-8901EEAA6E66}"
EndProject
Project("{FAE04EC0-301F-11D3-BF4B-00C04F79EFBC}") = "Backend.IBaseRepository", "Backend.IBaseRepository\Backend.IBaseRepository.csproj", "{EA8B8459-1D73-4FDC-A5BA-055F96612DAA}"
EndProject
Project("{FAE04EC0-301F-11D3-BF4B-00C04F79EFBC}") = "Backend.BaseRepository", "Backend.BaseRepository\Backend.BaseRepository.csproj", "{B52EB9E7-48AA-459A-BAFD-5A15FC3D51B2}"
EndProject
Project("{2150E333-8FDC-42A3-9474-1A3956D46DE8}") = "Repository", "Repository", "{80108DC9-CAE3-4C43-8089-CE7123992EAF}"
EndProject
Project("{2150E333-8FDC-42A3-9474-1A3956D46DE8}") = "Service", "Service", "{87D37D6A-9DF9-4B5F-9D8A-8A99AD37E8DB}"
EndProject
Project("{FAE04EC0-301F-11D3-BF4B-00C04F79EFBC}") = "Backend.BaseService", "Backend.BaseService\Backend.BaseService.csproj", "{ECA6DEC6-AE74-473E-836B-DB4A483DF1CC}"
EndProject
Project("{FAE04EC0-301F-11D3-BF4B-00C04F79EFBC}") = "Backend.IBaseService", "Backend.IBaseService\Backend.IBaseService.csproj", "{0F7BD87A-A7BF-4C81-94C5-0EE9F7F91B51}"
EndProject
Project("{FAE04EC0-301F-11D3-BF4B-00C04F79EFBC}") = "Backend.Util", "Backend.Util\Backend.Util.csproj", "{99CC87EF-D62B-4852-9BDA-A2AC2DCDBC74}"
EndProject
Global
	GlobalSection(SolutionConfigurationPlatforms) = preSolution
		Debug|Any CPU = Debug|Any CPU
		Release|Any CPU = Release|Any CPU
	EndGlobalSection
	GlobalSection(ProjectConfigurationPlatforms) = postSolution
		{C1738407-91CA-EE49-0852-8D0445A37B6B}.Debug|Any CPU.ActiveCfg = Debug|Any CPU
		{C1738407-91CA-EE49-0852-8D0445A37B6B}.Debug|Any CPU.Build.0 = Debug|Any CPU
		{C1738407-91CA-EE49-0852-8D0445A37B6B}.Release|Any CPU.ActiveCfg = Release|Any CPU
		{C1738407-91CA-EE49-0852-8D0445A37B6B}.Release|Any CPU.Build.0 = Release|Any CPU
		{4C05F633-D9F4-FE38-B66E-A93D797CC3B0}.Debug|Any CPU.ActiveCfg = Debug|Any CPU
		{4C05F633-D9F4-FE38-B66E-A93D797CC3B0}.Debug|Any CPU.Build.0 = Debug|Any CPU
		{4C05F633-D9F4-FE38-B66E-A93D797CC3B0}.Release|Any CPU.ActiveCfg = Release|Any CPU
		{4C05F633-D9F4-FE38-B66E-A93D797CC3B0}.Release|Any CPU.Build.0 = Release|Any CPU
		{A31320C1-045D-42DF-8D32-8901EEAA6E66}.Debug|Any CPU.ActiveCfg = Debug|Any CPU
		{A31320C1-045D-42DF-8D32-8901EEAA6E66}.Debug|Any CPU.Build.0 = Debug|Any CPU
		{A31320C1-045D-42DF-8D32-8901EEAA6E66}.Release|Any CPU.ActiveCfg = Release|Any CPU
		{A31320C1-045D-42DF-8D32-8901EEAA6E66}.Release|Any CPU.Build.0 = Release|Any CPU
		{EA8B8459-1D73-4FDC-A5BA-055F96612DAA}.Debug|Any CPU.ActiveCfg = Debug|Any CPU
		{EA8B8459-1D73-4FDC-A5BA-055F96612DAA}.Debug|Any CPU.Build.0 = Debug|Any CPU
		{EA8B8459-1D73-4FDC-A5BA-055F96612DAA}.Release|Any CPU.ActiveCfg = Release|Any CPU
		{EA8B8459-1D73-4FDC-A5BA-055F96612DAA}.Release|Any CPU.Build.0 = Release|Any CPU
		{B52EB9E7-48AA-459A-BAFD-5A15FC3D51B2}.Debug|Any CPU.ActiveCfg = Debug|Any CPU
		{B52EB9E7-48AA-459A-BAFD-5A15FC3D51B2}.Debug|Any CPU.Build.0 = Debug|Any CPU
		{B52EB9E7-48AA-459A-BAFD-5A15FC3D51B2}.Release|Any CPU.ActiveCfg = Release|Any CPU
		{B52EB9E7-48AA-459A-BAFD-5A15FC3D51B2}.Release|Any CPU.Build.0 = Release|Any CPU
		{ECA6DEC6-AE74-473E-836B-DB4A483DF1CC}.Debug|Any CPU.ActiveCfg = Debug|Any CPU
		{ECA6DEC6-AE74-473E-836B-DB4A483DF1CC}.Debug|Any CPU.Build.0 = Debug|Any CPU
		{ECA6DEC6-AE74-473E-836B-DB4A483DF1CC}.Release|Any CPU.ActiveCfg = Release|Any CPU
		{ECA6DEC6-AE74-473E-836B-DB4A483DF1CC}.Release|Any CPU.Build.0 = Release|Any CPU
		{0F7BD87A-A7BF-4C81-94C5-0EE9F7F91B51}.Debug|Any CPU.ActiveCfg = Debug|Any CPU
		{0F7BD87A-A7BF-4C81-94C5-0EE9F7F91B51}.Debug|Any CPU.Build.0 = Debug|Any CPU
		{0F7BD87A-A7BF-4C81-94C5-0EE9F7F91B51}.Release|Any CPU.ActiveCfg = Release|Any CPU
		{0F7BD87A-A7BF-4C81-94C5-0EE9F7F91B51}.Release|Any CPU.Build.0 = Release|Any CPU
		{99CC87EF-D62B-4852-9BDA-A2AC2DCDBC74}.Debug|Any CPU.ActiveCfg = Debug|Any CPU
		{99CC87EF-D62B-4852-9BDA-A2AC2DCDBC74}.Debug|Any CPU.Build.0 = Debug|Any CPU
		{99CC87EF-D62B-4852-9BDA-A2AC2DCDBC74}.Release|Any CPU.ActiveCfg = Release|Any CPU
		{99CC87EF-D62B-4852-9BDA-A2AC2DCDBC74}.Release|Any CPU.Build.0 = Release|Any CPU
	EndGlobalSection
	GlobalSection(SolutionProperties) = preSolution
		HideSolutionNode = FALSE
	EndGlobalSection
	GlobalSection(ExtensibilityGlobals) = postSolution
		SolutionGuid = {7EE96DE8-01CC-4B7B-8401-B396EDAE174D}
	EndGlobalSection
	GlobalSection(NestedProjects) = preSolution
		{B52EB9E7-48AA-459A-BAFD-5A15FC3D51B2} = {80108DC9-CAE3-4C43-8089-CE7123992EAF}
		{EA8B8459-1D73-4FDC-A5BA-055F96612DAA} = {80108DC9-CAE3-4C43-8089-CE7123992EAF}
		{ECA6DEC6-AE74-473E-836B-DB4A483DF1CC} = {87D37D6A-9DF9-4B5F-9D8A-8A99AD37E8DB}
		{0F7BD87A-A7BF-4C81-94C5-0EE9F7F91B51} = {87D37D6A-9DF9-4B5F-9D8A-8A99AD37E8DB}
	EndGlobalSection
EndGlobal
